
Microsoft Visual Studio Solution File, Format Version 12.00
Project("{FAE04EC0-301F-11D3-BF4B-00C04F79EFBC}") = "FunctEngine", "FunctEngine\FunctEngine.csproj", "{5F9C60A6-2811-436D-A0B6-7DA16BA611ED}"
EndProject
Project("{FAE04EC0-301F-11D3-BF4B-00C04F79EFBC}") = "Server", "Server\Server.csproj", "{B6DC26FE-3DE4-47AD-8203-9B07CAEFD472}"
EndProject
Project("{FAE04EC0-301F-11D3-BF4B-00C04F79EFBC}") = "Connectors", "Connectors\Connectors.csproj", "{251182CE-F43D-40DC-BF62-FD94A04EC89A}"
EndProject
Project("{FAE04EC0-301F-11D3-BF4B-00C04F79EFBC}") = "CoreFunctions", "CoreFunctions\CoreFunctions.csproj", "{847F9F0C-4CA3-4FBF-BD87-8184799641A6}"
EndProject
Global
	GlobalSection(SolutionConfigurationPlatforms) = preSolution
		Debug|Any CPU = Debug|Any CPU
		Release|Any CPU = Release|Any CPU
	EndGlobalSection
	GlobalSection(ProjectConfigurationPlatforms) = postSolution
		{5F9C60A6-2811-436D-A0B6-7DA16BA611ED}.Debug|Any CPU.ActiveCfg = Debug|Any CPU
		{5F9C60A6-2811-436D-A0B6-7DA16BA611ED}.Debug|Any CPU.Build.0 = Debug|Any CPU
		{5F9C60A6-2811-436D-A0B6-7DA16BA611ED}.Release|Any CPU.ActiveCfg = Release|Any CPU
		{5F9C60A6-2811-436D-A0B6-7DA16BA611ED}.Release|Any CPU.Build.0 = Release|Any CPU
		{B6DC26FE-3DE4-47AD-8203-9B07CAEFD472}.Debug|Any CPU.ActiveCfg = Debug|Any CPU
		{B6DC26FE-3DE4-47AD-8203-9B07CAEFD472}.Debug|Any CPU.Build.0 = Debug|Any CPU
		{B6DC26FE-3DE4-47AD-8203-9B07CAEFD472}.Release|Any CPU.ActiveCfg = Release|Any CPU
		{B6DC26FE-3DE4-47AD-8203-9B07CAEFD472}.Release|Any CPU.Build.0 = Release|Any CPU
		{251182CE-F43D-40DC-BF62-FD94A04EC89A}.Debug|Any CPU.ActiveCfg = Debug|Any CPU
		{251182CE-F43D-40DC-BF62-FD94A04EC89A}.Debug|Any CPU.Build.0 = Debug|Any CPU
		{251182CE-F43D-40DC-BF62-FD94A04EC89A}.Release|Any CPU.ActiveCfg = Release|Any CPU
		{251182CE-F43D-40DC-BF62-FD94A04EC89A}.Release|Any CPU.Build.0 = Release|Any CPU
		{847F9F0C-4CA3-4FBF-BD87-8184799641A6}.Debug|Any CPU.ActiveCfg = Debug|Any CPU
		{847F9F0C-4CA3-4FBF-BD87-8184799641A6}.Debug|Any CPU.Build.0 = Debug|Any CPU
		{847F9F0C-4CA3-4FBF-BD87-8184799641A6}.Release|Any CPU.ActiveCfg = Release|Any CPU
		{847F9F0C-4CA3-4FBF-BD87-8184799641A6}.Release|Any CPU.Build.0 = Release|Any CPU
	EndGlobalSection
EndGlobal
